PODS:
  - AFNetworking (3.0.4):
    - AFNetworking/NSURLSession (= 3.0.4)
    - AFNetworking/Reachability (= 3.0.4)
    - AFNetworking/Security (= 3.0.4)
    - AFNetworking/Serialization (= 3.0.4)
    - AFNetworking/UIKit (= 3.0.4)
  - AFNetworking/NSURLSession (3.0.4):
    - AFNetworking/Reachability
    - AFNetworking/Security
    - AFNetworking/Serialization
  - AFNetworking/Reachability (3.0.4)
  - AFNetworking/Security (3.0.4)
  - AFNetworking/Serialization (3.0.4)
  - AFNetworking/UIKit (3.0.4):
    - AFNetworking/NSURLSession
  - FMDB (2.5):
    - FMDB/standard (= 2.5)
  - FMDB/common (2.5)
  - FMDB/standard (2.5):
    - FMDB/common
  - IQKeyboardManager (4.0.4)
  - MBProgressHUD (0.9.2)
  - MJRefresh (3.1.12)
  - SDWebImage (3.7.6):
    - SDWebImage/Core (= 3.7.6)
  - SDWebImage/Core (3.7.6)
  - Shimmer (1.0.2)
  - SVPullToRefresh (0.4.1)
  - UIBarButtonItem-Badge-Coding (0.0.1)
  - WSProgressHUD (1.0.9):
    - Shimmer

DEPENDENCIES:
  - AFNetworking (~> 3.0.4)
  - FMDB (~> 2.5)
  - IQKeyboardManager
  - MBProgressHUD (~> 0.9.2)
  - MJRefresh (~> 3.1.12)
  - SDWebImage (~> 3.7.3)
  - SVPullToRefresh (~> 0.4.1)
  - UIBarButtonItem-Badge-Coding (~> 0.0.1)
  - WSProgressHUD (~> 1.0.9)

SPEC CHECKSUMS:
  AFNetworking: a0075feb321559dc78d9d85b55d11caa19eabb93
  FMDB: 96e8f1bcc1329e269330f99770ad4285d9003e52
  IQKeyboardManager: 4a6f83b540283c2645aaeba2bd8dc0f09b5c77f8
  MBProgressHUD: 1569cf7ace17a8bac47aabfbb8580a49690386d1
  MJRefresh: b96cdb21c4aa75a7b07654311ab2f315c497e806
  SDWebImage: c325cf02c30337336b95beff20a13df489ec0ec9
  Shimmer: c5374be1c2b0c9e292fb05b339a513cf291cac86
  SVPullToRefresh: ba2e718695a43253d8bea6852d2960097dc15d8c
  UIBarButtonItem-Badge-Coding: 3f8e96f75f7d7c7516c1a1706b566892bf2db134
  WSProgressHUD: 52769c1da5a1033b2bbe67ceea24ff250a6ca34f

PODFILE CHECKSUM: f04511698edf3ec00a549280373d83563b09ff96

COCOAPODS: 1.0.1
